
Microsoft Visual Studio Solution File, Format Version 12.00
# Visual Studio Version 16
VisualStudioVersion = 16.0.30621.155
MinimumVisualStudioVersion = 10.0.40219.1
Project("{FAE04EC0-301F-11D3-BF4B-00C04F79EFBC}") = "TI_DB", "TI_DB\TI_DB.csproj", "{71EB0B76-6926-4281-8B9C-63E0305466A2}"
EndProject
Global
	GlobalSection(SolutionConfigurationPlatforms) = preSolution
		Debug|Any CPU = Debug|Any CPU
		Release|Any CPU = Release|Any CPU
	EndGlobalSection
	GlobalSection(ProjectConfigurationPlatforms) = postSolution
		{71EB0B76-6926-4281-8B9C-63E0305466A2}.Debug|Any CPU.ActiveCfg = Debug|Any CPU
		{71EB0B76-6926-4281-8B9C-63E0305466A2}.Debug|Any CPU.Build.0 = Debug|Any CPU
		{71EB0B76-6926-4281-8B9C-63E0305466A2}.Release|Any CPU.ActiveCfg = Release|Any CPU
		{71EB0B76-6926-4281-8B9C-63E0305466A2}.Release|Any CPU.Build.0 = Release|Any CPU
	EndGlobalSection
	GlobalSection(SolutionProperties) = preSolution
		HideSolutionNode = FALSE
	EndGlobalSection
	GlobalSection(ExtensibilityGlobals) = postSolution
		SolutionGuid = {EF8618B8-8183-4E3F-84F6-71D37D23E78B}
	EndGlobalSection
EndGlobal
